// !$*UTF8*$!
{
	archiveVersion = 1;
	classes = {
	};
	objectVersion = 50;
	objects = {

/* Begin PBXBuildFile section */
		E473A39725F7889600718F5E /* LaunchScreen.storyboard in Resources */ = {isa = PBXBuildFile; fileRef = E473A39525F7889600718F5E /* LaunchScreen.storyboard */; };
		E473A3B325F7898200718F5E /* ViewController.swift in Sources */ = {isa = PBXBuildFile; fileRef = E473A3A225F7898100718F5E /* ViewController.swift */; };
		E473A3B425F7898200718F5E /* SubViewController.swift in Sources */ = {isa = PBXBuildFile; fileRef = E473A3A525F7898100718F5E /* SubViewController.swift */; };
		E473A3B525F7898200718F5E /* Sub.storyboard in Resources */ = {isa = PBXBuildFile; fileRef = E473A3A725F7898100718F5E /* Sub.storyboard */; };
		E473A3B725F7898200718F5E /* Assets.xcassets in Resources */ = {isa = PBXBuildFile; fileRef = E473A3AC25F7898100718F5E /* Assets.xcassets */; };
		E473A3B825F7898200718F5E /* TabViewController.swift in Sources */ = {isa = PBXBuildFile; fileRef = E473A3AF25F7898100718F5E /* TabViewController.swift */; };
		E473A3B925F7898200718F5E /* AppDelegate.swift in Sources */ = {isa = PBXBuildFile; fileRef = E473A3B125F7898100718F5E /* AppDelegate.swift */; };
		E473A3BA25F7898200718F5E /* SceneDelegate.swift in Sources */ = {isa = PBXBuildFile; fileRef = E473A3B225F7898100718F5E /* SceneDelegate.swift */; };
		E473A3E525F7953B00718F5E /* Main.storyboard in Resources */ = {isa = PBXBuildFile; fileRef = E473A3E325F7953B00718F5E /* Main.storyboard */; };
/* End PBXBuildFile section */

/* Begin PBXFileReference section */
		E473A38725F7889500718F5E /* CustomTabViewSwift.app */ = {isa = PBXFileReference; explicitFileType = wrapper.application; includeInIndex = 0; path = CustomTabViewSwift.app; sourceTree = BUILT_PRODUCTS_DIR; };
		E473A39625F7889600718F5E /* Base */ = {isa = PBXFileReference; lastKnownFileType = file.storyboard; name = Base; path = Base.lproj/LaunchScreen.storyboard; sourceTree = "<group>"; };
		E473A3A225F7898100718F5E /* ViewController.swift */ = {isa = PBXFileReference; fileEncoding = 4; lastKnownFileType = sourcecode.swift; path = ViewController.swift; sourceTree = "<group>"; };
		E473A3A525F7898100718F5E /* SubViewController.swift */ = {isa = PBXFileReference; fileEncoding = 4; lastKnownFileType = sourcecode.swift; path = SubViewController.swift; sourceTree = "<group>"; };
		E473A3A725F7898100718F5E /* Sub.storyboard */ = {isa = PBXFileReference; fileEncoding = 4; lastKnownFileType = file.storyboard; path = Sub.storyboard; sourceTree = "<group>"; };
		E473A3AA25F7898100718F5E /* CustomTabViewSwift-Info.plist */ = {isa = PBXFileReference; fileEncoding = 4; lastKnownFileType = text.plist.xml; path = "CustomTabViewSwift-Info.plist"; sourceTree = "<group>"; };
		E473A3AC25F7898100718F5E /* Assets.xcassets */ = {isa = PBXFileReference; lastKnownFileType = folder.assetcatalog; path = Assets.xcassets; sourceTree = "<group>"; };
		E473A3AF25F7898100718F5E /* TabViewController.swift */ = {isa = PBXFileReference; fileEncoding = 4; lastKnownFileType = sourcecode.swift; path = TabViewController.swift; sourceTree = "<group>"; };
		E473A3B125F7898100718F5E /* AppDelegate.swift */ = {isa = PBXFileReference; fileEncoding = 4; lastKnownFileType = sourcecode.swift; path = AppDelegate.swift; sourceTree = "<group>"; };
		E473A3B225F7898100718F5E /* SceneDelegate.swift */ = {isa = PBXFileReference; fileEncoding = 4; lastKnownFileType = sourcecode.swift; path = SceneDelegate.swift; sourceTree = "<group>"; };
		E473A3E425F7953B00718F5E /* Base */ = {isa = PBXFileReference; lastKnownFileType = file.storyboard; name = Base; path = Base.lproj/Main.storyboard; sourceTree = "<group>"; };
/* End PBXFileReference section */

/* Begin PBXFrameworksBuildPhase section */
		E473A38425F7889500718F5E /* Frameworks */ = {
			isa = PBXFrameworksBuildPhase;
			buildActionMask = 2147483647;
			files = (
			);
			runOnlyForDeploymentPostprocessing = 0;
		};
/* End PBXFrameworksBuildPhase section */

/* Begin PBXGroup section */
		E473A37E25F7889500718F5E = {
			isa = PBXGroup;
			children = (
				E473A38925F7889500718F5E /* CustomTabViewSwift */,
				E473A38825F7889500718F5E /* Products */,
			);
			sourceTree = "<group>";
		};
		E473A38825F7889500718F5E /* Products */ = {
			isa = PBXGroup;
			children = (
				E473A38725F7889500718F5E /* CustomTabViewSwift.app */,
			);
			name = Products;
			sourceTree = "<group>";
		};
		E473A38925F7889500718F5E /* CustomTabViewSwift */ = {
			isa = PBXGroup;
			children = (
				E473A39F25F7898100718F5E /* Controllers */,
				E473A3B025F7898100718F5E /* Delegate */,
				E473A3AD25F7898100718F5E /* HelperClasses */,
				E473A39525F7889600718F5E /* LaunchScreen.storyboard */,
				E473A3E325F7953B00718F5E /* Main.storyboard */,
				E473A3A825F7898100718F5E /* Resources */,
			);
			path = CustomTabViewSwift;
			sourceTree = "<group>";
		};
		E473A39F25F7898100718F5E /* Controllers */ = {
			isa = PBXGroup;
			children = (
				E473A3A025F7898100718F5E /* 1.0 Main */,
				E473A3A325F7898100718F5E /* 2.0 Sub */,
			);
			path = Controllers;
			sourceTree = "<group>";
		};
		E473A3A025F7898100718F5E /* 1.0 Main */ = {
			isa = PBXGroup;
			children = (
				E473A3A125F7898100718F5E /* Controller */,
			);
			path = "1.0 Main";
			sourceTree = "<group>";
		};
		E473A3A125F7898100718F5E /* Controller */ = {
			isa = PBXGroup;
			children = (
				E473A3A225F7898100718F5E /* ViewController.swift */,
			);
			path = Controller;
			sourceTree = "<group>";
		};
		E473A3A325F7898100718F5E /* 2.0 Sub */ = {
			isa = PBXGroup;
			children = (
				E473A3A425F7898100718F5E /* Controller */,
				E473A3A625F7898100718F5E /* View */,
			);
			path = "2.0 Sub";
			sourceTree = "<group>";
		};
		E473A3A425F7898100718F5E /* Controller */ = {
			isa = PBXGroup;
			children = (
				E473A3A525F7898100718F5E /* SubViewController.swift */,
			);
			path = Controller;
			sourceTree = "<group>";
		};
		E473A3A625F7898100718F5E /* View */ = {
			isa = PBXGroup;
			children = (
				E473A3A725F7898100718F5E /* Sub.storyboard */,
			);
			path = View;
			sourceTree = "<group>";
		};
		E473A3A825F7898100718F5E /* Resources */ = {
			isa = PBXGroup;
			children = (
				E473A3A925F7898100718F5E /* Plist */,
				E473A3AB25F7898100718F5E /* Images */,
			);
			path = Resources;
			sourceTree = "<group>";
		};
		E473A3A925F7898100718F5E /* Plist */ = {
			isa = PBXGroup;
			children = (
				E473A3AA25F7898100718F5E /* CustomTabViewSwift-Info.plist */,
			);
			path = Plist;
			sourceTree = "<group>";
		};
		E473A3AB25F7898100718F5E /* Images */ = {
			isa = PBXGroup;
			children = (
				E473A3AC25F7898100718F5E /* Assets.xcassets */,
			);
			path = Images;
			sourceTree = "<group>";
		};
		E473A3AD25F7898100718F5E /* HelperClasses */ = {
			isa = PBXGroup;
			children = (
				E473A3AE25F7898100718F5E /* Tab */,
			);
			path = HelperClasses;
			sourceTree = "<group>";
		};
		E473A3AE25F7898100718F5E /* Tab */ = {
			isa = PBXGroup;
			children = (
				E473A3AF25F7898100718F5E /* TabViewController.swift */,
			);
			path = Tab;
			sourceTree = "<group>";
		};
		E473A3B025F7898100718F5E /* Delegate */ = {
			isa = PBXGroup;
			children = (
				E473A3B125F7898100718F5E /* AppDelegate.swift */,
				E473A3B225F7898100718F5E /* SceneDelegate.swift */,
			);
			path = Delegate;
			sourceTree = "<group>";
		};
/* End PBXGroup section */

/* Begin PBXNativeTarget section */
		E473A38625F7889500718F5E /* CustomTabViewSwift */ = {
			isa = PBXNativeTarget;
			buildConfigurationList = E473A39B25F7889600718F5E /* Build configuration list for PBXNativeTarget "CustomTabViewSwift" */;
			buildPhases = (
				E473A38325F7889500718F5E /* Sources */,
				E473A38425F7889500718F5E /* Frameworks */,
				E473A38525F7889500718F5E /* Resources */,
			);
			buildRules = (
			);
			dependencies = (
			);
			name = CustomTabViewSwift;
			productName = CustomTabViewSwift;
			productReference = E473A38725F7889500718F5E /* CustomTabViewSwift.app */;
			productType = "com.apple.product-type.application";
		};
/* End PBXNativeTarget section */

/* Begin PBXProject section */
		E473A37F25F7889500718F5E /* Project object */ = {
			isa = PBXProject;
			attributes = {
				LastSwiftUpdateCheck = 1240;
				LastUpgradeCheck = 1240;
				TargetAttributes = {
					E473A38625F7889500718F5E = {
						CreatedOnToolsVersion = 12.4;
					};
				};
			};
			buildConfigurationList = E473A38225F7889500718F5E /* Build configuration list for PBXProject "CustomTabViewSwift" */;
			compatibilityVersion = "Xcode 9.3";
			developmentRegion = en;
			hasScannedForEncodings = 0;
			knownRegions = (
				en,
				Base,
			);
			mainGroup = E473A37E25F7889500718F5E;
			productRefGroup = E473A38825F7889500718F5E /* Products */;
			projectDirPath = "";
			projectRoot = "";
			targets = (
				E473A38625F7889500718F5E /* CustomTabViewSwift */,
			);
		};
/* End PBXProject section */

/* Begin PBXResourcesBuildPhase section */
		E473A38525F7889500718F5E /* Resources */ = {
			isa = PBXResourcesBuildPhase;
			buildActionMask = 2147483647;
			files = (
				E473A39725F7889600718F5E /* LaunchScreen.storyboard in Resources */,
				E473A3B525F7898200718F5E /* Sub.storyboard in Resources */,
				E473A3B725F7898200718F5E /* Assets.xcassets in Resources */,
				E473A3E525F7953B00718F5E /* Main.storyboard in Resources */,
			);
			runOnlyForDeploymentPostprocessing = 0;
		};
/* End PBXResourcesBuildPhase section */

/* Begin PBXSourcesBuildPhase section */
		E473A38325F7889500718F5E /* Sources */ = {
			isa = PBXSourcesBuildPhase;
			buildActionMask = 2147483647;
			files = (
				E473A3BA25F7898200718F5E /* SceneDelegate.swift in Sources */,
				E473A3B925F7898200718F5E /* AppDelegate.swift in Sources */,
				E473A3B825F7898200718F5E /* TabViewController.swift in Sources */,
				E473A3B325F7898200718F5E /* ViewController.swift in Sources */,
				E473A3B425F7898200718F5E /* SubViewController.swift in Sources */,
			);
			runOnlyForDeploymentPostprocessing = 0;
		};
/* End PBXSourcesBuildPhase section */

/* Begin PBXVariantGroup section */
		E473A39525F7889600718F5E /* LaunchScreen.storyboard */ = {
			isa = PBXVariantGroup;
			children = (
				E473A39625F7889600718F5E /* Base */,
			);
			name = LaunchScreen.storyboard;
			sourceTree = "<group>";
		};
		E473A3E325F7953B00718F5E /* Main.storyboard */ = {
			isa = PBXVariantGroup;
			children = (
				E473A3E425F7953B00718F5E /* Base */,
			);
			name = Main.storyboard;
			sourceTree = "<group>";
		};
/* End PBXVariantGroup section */

/* Begin XCBuildConfiguration section */
		E473A39925F7889600718F5E /* Debug */ = {
			isa = XCBuildConfiguration;
			buildSettings = {
				ALWAYS_SEARCH_USER_PATHS = NO;
				CLANG_ANALYZER_NONNULL = YES;
				CLANG_ANALYZER_NUMBER_OBJECT_CONVERSION = YES_AGGRESSIVE;
				CLANG_CXX_LANGUAGE_STANDARD = "gnu++14";
				CLANG_CXX_LIBRARY = "libc++";
				CLANG_ENABLE_MODULES = YES;
				CLANG_ENABLE_OBJC_ARC = YES;
				CLANG_ENABLE_OBJC_WEAK = YES;
				CLANG_WARN_BLOCK_CAPTURE_AUTORELEASING = YES;
				CLANG_WARN_BOOL_CONVERSION = YES;
				CLANG_WARN_COMMA = YES;
				CLANG_WARN_CONSTANT_CONVERSION = YES;
				CLANG_WARN_DEPRECATED_OBJC_IMPLEMENTATIONS = YES;
				CLANG_WARN_DIRECT_OBJC_ISA_USAGE = YES_ERROR;
				CLANG_WARN_DOCUMENTATION_COMMENTS = YES;
				CLANG_WARN_EMPTY_BODY = YES;
				CLANG_WARN_ENUM_CONVERSION = YES;
				CLANG_WARN_INFINITE_RECURSION = YES;
				CLANG_WARN_INT_CONVERSION = YES;
				CLANG_WARN_NON_LITERAL_NULL_CONVERSION = YES;
				CLANG_WARN_OBJC_IMPLICIT_RETAIN_SELF = YES;
				CLANG_WARN_OBJC_LITERAL_CONVERSION = YES;
				CLANG_WARN_OBJC_ROOT_CLASS = YES_ERROR;
				CLANG_WARN_QUOTED_INCLUDE_IN_FRAMEWORK_HEADER = YES;
				CLANG_WARN_RANGE_LOOP_ANALYSIS = YES;
				CLANG_WARN_STRICT_PROTOTYPES = YES;
				CLANG_WARN_SUSPICIOUS_MOVE = YES;
				CLANG_WARN_UNGUARDED_AVAILABILITY = YES_AGGRESSIVE;
				CLANG_WARN_UNREACHABLE_CODE = YES;
				CLANG_WARN__DUPLICATE_METHOD_MATCH = YES;
				COPY_PHASE_STRIP = NO;
				DEBUG_INFORMATION_FORMAT = dwarf;
				ENABLE_STRICT_OBJC_MSGSEND = YES;
				ENABLE_TESTABILITY = YES;
				GCC_C_LANGUAGE_STANDARD = gnu11;
				GCC_DYNAMIC_NO_PIC = NO;
				GCC_NO_COMMON_BLOCKS = YES;
				GCC_OPTIMIZATION_LEVEL = 0;
				GCC_PREPROCESSOR_DEFINITIONS = (
					"DEBUG=1",
					"$(inherited)",
				);
				GCC_WARN_64_TO_32_BIT_CONVERSION = YES;
				GCC_WARN_ABOUT_RETURN_TYPE = YES_ERROR;
				GCC_WARN_UNDECLARED_SELECTOR = YES;
				GCC_WARN_UNINITIALIZED_AUTOS = YES_AGGRESSIVE;
				GCC_WARN_UNUSED_FUNCTION = YES;
				GCC_WARN_UNUSED_VARIABLE = YES;
				IPHONEOS_DEPLOYMENT_TARGET = 11.0;
				MTL_ENABLE_DEBUG_INFO = INCLUDE_SOURCE;
				MTL_FAST_MATH = YES;
				ONLY_ACTIVE_ARCH = YES;
				SDKROOT = iphoneos;
				SWIFT_ACTIVE_COMPILATION_CONDITIONS = DEBUG;
				SWIFT_OPTIMIZATION_LEVEL = "-Onone";
				SWIFT_VERSION = 5.0;
			};
			name = Debug;
		};
		E473A39A25F7889600718F5E /* Release */ = {
			isa = XCBuildConfiguration;
			buildSettings = {
				ALWAYS_SEARCH_USER_PATHS = NO;
				CLANG_ANALYZER_NONNULL = YES;
				CLANG_ANALYZER_NUMBER_OBJECT_CONVERSION = YES_AGGRESSIVE;
				CLANG_CXX_LANGUAGE_STANDARD = "gnu++14";
				CLANG_CXX_LIBRARY = "libc++";
				CLANG_ENABLE_MODULES = YES;
				CLANG_ENABLE_OBJC_ARC = YES;
				CLANG_ENABLE_OBJC_WEAK = YES;
				CLANG_WARN_BLOCK_CAPTURE_AUTORELEASING = YES;
				CLANG_WARN_BOOL_CONVERSION = YES;
				CLANG_WARN_COMMA = YES;
				CLANG_WARN_CONSTANT_CONVERSION = YES;
				CLANG_WARN_DEPRECATED_OBJC_IMPLEMENTATIONS = YES;
				CLANG_WARN_DIRECT_OBJC_ISA_USAGE = YES_ERROR;
				CLANG_WARN_DOCUMENTATION_COMMENTS = YES;
				CLANG_WARN_EMPTY_BODY = YES;
				CLANG_WARN_ENUM_CONVERSION = YES;
				CLANG_WARN_INFINITE_RECURSION = YES;
				CLANG_WARN_INT_CONVERSION = YES;
				CLANG_WARN_NON_LITERAL_NULL_CONVERSION = YES;
				CLANG_WARN_OBJC_IMPLICIT_RETAIN_SELF = YES;
				CLANG_WARN_OBJC_LITERAL_CONVERSION = YES;
				CLANG_WARN_OBJC_ROOT_CLASS = YES_ERROR;
				CLANG_WARN_QUOTED_INCLUDE_IN_FRAMEWORK_HEADER = YES;
				CLANG_WARN_RANGE_LOOP_ANALYSIS = YES;
				CLANG_WARN_STRICT_PROTOTYPES = YES;
				CLANG_WARN_SUSPICIOUS_MOVE = YES;
				CLANG_WARN_UNGUARDED_AVAILABILITY = YES_AGGRESSIVE;
				CLANG_WARN_UNREACHABLE_CODE = YES;
				CLANG_WARN__DUPLICATE_METHOD_MATCH = YES;
				COPY_PHASE_STRIP = NO;
				DEBUG_INFORMATION_FORMAT = "dwarf-with-dsym";
				ENABLE_NS_ASSERTIONS = NO;
				ENABLE_STRICT_OBJC_MSGSEND = YES;
				GCC_C_LANGUAGE_STANDARD = gnu11;
				GCC_NO_COMMON_BLOCKS = YES;
				GCC_WARN_64_TO_32_BIT_CONVERSION = YES;
				GCC_WARN_ABOUT_RETURN_TYPE = YES_ERROR;
				GCC_WARN_UNDECLARED_SELECTOR = YES;
				GCC_WARN_UNINITIALIZED_AUTOS = YES_AGGRESSIVE;
				GCC_WARN_UNUSED_FUNCTION = YES;
				GCC_WARN_UNUSED_VARIABLE = YES;
				IPHONEOS_DEPLOYMENT_TARGET = 11.0;
				MTL_ENABLE_DEBUG_INFO = NO;
				MTL_FAST_MATH = YES;
				SDKROOT = iphoneos;
				SWIFT_COMPILATION_MODE = wholemodule;
				SWIFT_OPTIMIZATION_LEVEL = "-O";
				SWIFT_VERSION = 5.0;
				VALIDATE_PRODUCT = YES;
			};
			name = Release;
		};
		E473A39C25F7889600718F5E /* Debug */ = {
			isa = XCBuildConfiguration;
			buildSettings = {
				ASSETCATALOG_COMPILER_APPICON_NAME = AppIcon;
				ASSETCATALOG_COMPILER_GLOBAL_ACCENT_COLOR_NAME = AccentColor;
				CODE_SIGN_STYLE = Automatic;
				DEVELOPMENT_TEAM = 2WU7YBMB3H;
				INFOPLIST_FILE = "$(SRCROOT)/CustomTabViewSwift/Resources/Plist/CustomTabViewSwift-Info.plist";
				LD_RUNPATH_SEARCH_PATHS = (
					"$(inherited)",
					"@executable_path/Frameworks",
				);
				PRODUCT_BUNDLE_IDENTIFIER = com.CustomTabViewSwift;
				PRODUCT_NAME = "$(TARGET_NAME)";
				SWIFT_VERSION = 5.0;
				TARGETED_DEVICE_FAMILY = "1,2";
			};
			name = Debug;
		};
		E473A39D25F7889600718F5E /* Release */ = {
			isa = XCBuildConfiguration;
			buildSettings = {
				ASSETCATALOG_COMPILER_APPICON_NAME = AppIcon;
				ASSETCATALOG_COMPILER_GLOBAL_ACCENT_COLOR_NAME = AccentColor;
				CODE_SIGN_STYLE = Automatic;
				DEVELOPMENT_TEAM = 2WU7YBMB3H;
				INFOPLIST_FILE = "$(SRCROOT)/CustomTabViewSwift/Resources/Plist/CustomTabViewSwift-Info.plist";
				LD_RUNPATH_SEARCH_PATHS = (
					"$(inherited)",
					"@executable_path/Frameworks",
				);
				PRODUCT_BUNDLE_IDENTIFIER = com.CustomTabViewSwift;
				PRODUCT_NAME = "$(TARGET_NAME)";
				SWIFT_VERSION = 5.0;
				TARGETED_DEVICE_FAMILY = "1,2";
			};
			name = Release;
		};
/* End XCBuildConfiguration section */

/* Begin XCConfigurationList section */
		E473A38225F7889500718F5E /* Build configuration list for PBXProject "CustomTabViewSwift" */ = {
			isa = XCConfigurationList;
			buildConfigurations = (
				E473A39925F7889600718F5E /* Debug */,
				E473A39A25F7889600718F5E /* Release */,
			);
			defaultConfigurationIsVisible = 0;
			defaultConfigurationName = Release;
		};
		E473A39B25F7889600718F5E /* Build configuration list for PBXNativeTarget "CustomTabViewSwift" */ = {
			isa = XCConfigurationList;
			buildConfigurations = (
				E473A39C25F7889600718F5E /* Debug */,
				E473A39D25F7889600718F5E /* Release */,
			);
			defaultConfigurationIsVisible = 0;
			defaultConfigurationName = Release;
		};
/* End XCConfigurationList section */
	};
	rootObject = E473A37F25F7889500718F5E /* Project object */;
}
